{
  "name": "galaceanapp",
  "version": "1.0.0",
  "lockfileVersion": 3,
  "requires": true,
  "packages": {
    "": {
      "name": "galaceanapp",
      "version": "1.0.0",
      "license": "ISC",
      "dependencies": {
        "@galacean/engine": "^1.4.16",
        "@galacean/engine-design": "^1.4.16",
        "@galacean/engine-toolkit": "^1.4.3"
      },
      "devDependencies": {
        "typescript": "4.9"
      }
    },
    "node_modules/@galacean/engine": {
      "version": "1.4.16",
      "resolved": "https://registry.npmjs.org/@galacean/engine/-/engine-1.4.16.tgz",
      "integrity": "sha512-Sg8/MZLgOMiDj8OzWnmwsphop75L4+DEpHKuLJ++EyfT19dOkGXCDOJhNaQB+h2f1ZP8Lkt+5fqz6DmPyME/lw==",
      "license": "MIT",
      "dependencies": {
        "@galacean/engine-core": "1.4.16",
        "@galacean/engine-loader": "1.4.16",
        "@galacean/engine-math": "1.4.16",
        "@galacean/engine-rhi-webgl": "1.4.16"
      }
    },
    "node_modules/@galacean/engine-core": {
      "version": "1.4.16",
      "resolved": "https://registry.npmjs.org/@galacean/engine-core/-/engine-core-1.4.16.tgz",
      "integrity": "sha512-+UUNDUTBF71mVPdFm8F0RlUIvXbRDndaybtcYY108btD4kGJ5K9Pj/44Wzx1yQ6jSNNaVJCM9wXsuRhAB6F0wA==",
      "license": "MIT",
      "dependencies": {
        "@galacean/engine-math": "1.4.16"
      }
    },
    "node_modules/@galacean/engine-design": {
      "version": "1.4.16",
      "resolved": "https://registry.npmjs.org/@galacean/engine-design/-/engine-design-1.4.16.tgz",
      "integrity": "sha512-PxISQCgkR5DWf+lcMczjpGhVtyt9Qz5IuUni/hfVveucim5z3aOvsuZWPIf73aDAsoqRF8svVpTUT0ZfX6s5fg==",
      "license": "MIT",
      "dependencies": {
        "@galacean/engine-math": "1.4.16"
      }
    },
    "node_modules/@galacean/engine-loader": {
      "version": "1.4.16",
      "resolved": "https://registry.npmjs.org/@galacean/engine-loader/-/engine-loader-1.4.16.tgz",
      "integrity": "sha512-elH86IVQQIRkexCgzk8yYNOBEi4fL7mqkD39wd6M9W22AXDBixur6lTT6nDGiCFAZifSAaqR8LlhRmXpaemFxQ==",
      "license": "MIT",
      "dependencies": {
        "@galacean/engine-core": "1.4.16",
        "@galacean/engine-math": "1.4.16",
        "@galacean/engine-rhi-webgl": "1.4.16"
      }
    },
    "node_modules/@galacean/engine-math": {
      "version": "1.4.16",
      "resolved": "https://registry.npmjs.org/@galacean/engine-math/-/engine-math-1.4.16.tgz",
      "integrity": "sha512-AarU4BXhvXLODTFGlhOrFACiT8/RGFYWuo7aDhYhwUZFsl08ssVddMYhsgr6jrHdErRUoOv76A2j1am6fOIfAA==",
      "license": "MIT"
    },
    "node_modules/@galacean/engine-rhi-webgl": {
      "version": "1.4.16",
      "resolved": "https://registry.npmjs.org/@galacean/engine-rhi-webgl/-/engine-rhi-webgl-1.4.16.tgz",
      "integrity": "sha512-yG9LNiihKNFxCwlYW5UYu5Dxu1v3duSu40tlXplhcRbvIzhZr3PDMcFSnCwbhnhe8leVlcHYbwWCzcoXDK6HSg==",
      "license": "MIT",
      "dependencies": {
        "@galacean/engine-core": "1.4.16",
        "@galacean/engine-math": "1.4.16"
      }
    },
    "node_modules/@galacean/engine-toolkit": {
      "version": "1.4.3",
      "resolved": "https://registry.npmjs.org/@galacean/engine-toolkit/-/engine-toolkit-1.4.3.tgz",
      "integrity": "sha512-67bzJdTenMRp0UolqPGN19ME6jLOHlb05k2+JWsrKYXslJt7lTHAjSlaiKBQAJaqMEKactSo9K2IsPcEGC4odQ==",
      "license": "MIT",
      "dependencies": {
        "@galacean/engine-toolkit-auxiliary-lines": "1.4.3",
        "@galacean/engine-toolkit-controls": "1.4.3",
        "@galacean/engine-toolkit-custom-material": "1.4.3",
        "@galacean/engine-toolkit-framebuffer-picker": "1.4.3",
        "@galacean/engine-toolkit-geometry-sketch": "1.4.3",
        "@galacean/engine-toolkit-gizmo": "1.4.3",
        "@galacean/engine-toolkit-lines": "1.4.3",
        "@galacean/engine-toolkit-navigation-gizmo": "1.4.3",
        "@galacean/engine-toolkit-outline": "1.4.3",
        "@galacean/engine-toolkit-skeleton-viewer": "1.4.3",
        "@galacean/engine-toolkit-stats": "1.4.3"
      }
    },
    "node_modules/@galacean/engine-toolkit-auxiliary-lines": {
      "version": "1.4.3",
      "resolved": "https://registry.npmjs.org/@galacean/engine-toolkit-auxiliary-lines/-/engine-toolkit-auxiliary-lines-1.4.3.tgz",
      "integrity": "sha512-XkIrKClaL4puhZYzIkwtXQsfx95S0vwdCIbdfPwmRckWuHYV/HuwOqYduz0kTh9+G2tJSV/GsKV8Xhk9Z7w8ng==",
      "license": "MIT",
      "dependencies": {
        "@galacean/engine-toolkit-custom-material": "1.4.3"
      },
      "peerDependencies": {
        "@galacean/engine": "^1.4.0"
      }
    },
    "node_modules/@galacean/engine-toolkit-controls": {
      "version": "1.4.3",
      "resolved": "https://registry.npmjs.org/@galacean/engine-toolkit-controls/-/engine-toolkit-controls-1.4.3.tgz",
      "integrity": "sha512-YEiKfEdAvGBTxA39mLJ+r5EaMVm8Uq6KuDNumdIrVapyGlp/Cpl3bfBgY4bUW7bji3e1GCVp3vFcNM2X+mCS5Q==",
      "license": "MIT",
      "peerDependencies": {
        "@galacean/engine": "^1.4.0"
      }
    },
    "node_modules/@galacean/engine-toolkit-custom-material": {
      "version": "1.4.3",
      "resolved": "https://registry.npmjs.org/@galacean/engine-toolkit-custom-material/-/engine-toolkit-custom-material-1.4.3.tgz",
      "integrity": "sha512-p5aSJJK/UHPlYL7nbIrOYljBZQukNxKxE2w63RSe5XihdW0ttmUBgMjBaSLcaXqyGjblu0c6IjYgifI2L4PNQA==",
      "license": "MIT",
      "peerDependencies": {
        "@galacean/engine": "^1.4.0"
      }
    },
    "node_modules/@galacean/engine-toolkit-framebuffer-picker": {
      "version": "1.4.3",
      "resolved": "https://registry.npmjs.org/@galacean/engine-toolkit-framebuffer-picker/-/engine-toolkit-framebuffer-picker-1.4.3.tgz",
      "integrity": "sha512-gUe6AUkN8jOIXLuaboALjdX36FoUJNp9F48EXGgiS4jhJ9V9nXGbGBqbLCpAt/2O5wppLVi1FuoI51FL/LJQMg==",
      "license": "MIT",
      "peerDependencies": {
        "@galacean/engine": "^1.4.0"
      }
    },
    "node_modules/@galacean/engine-toolkit-geometry-sketch": {
      "version": "1.4.3",
      "resolved": "https://registry.npmjs.org/@galacean/engine-toolkit-geometry-sketch/-/engine-toolkit-geometry-sketch-1.4.3.tgz",
      "integrity": "sha512-4mRfSPA6HOKuGRnyk5F47Z5caOhXqbDWGWpTGtFVv8CFi7P8YP3QHKS2vZKBLKuquecRGEXugQL2divG50XS4w==",
      "license": "MIT",
      "peerDependencies": {
        "@galacean/engine": "^1.4.0"
      }
    },
    "node_modules/@galacean/engine-toolkit-lines": {
      "version": "1.4.3",
      "resolved": "https://registry.npmjs.org/@galacean/engine-toolkit-lines/-/engine-toolkit-lines-1.4.3.tgz",
      "integrity": "sha512-4SAlEnuvg8x+S96vuJUA78rWrPh1bkjZexT2O+lkFQN//tSdJwMy6L0H2UoSUe2doU4T5wM9xegOuLXRCQdkdA==",
      "license": "MIT",
      "peerDependencies": {
        "@galacean/engine": "^1.4.0"
      }
    },
    "node_modules/@galacean/engine-toolkit-navigation-gizmo": {
      "version": "1.4.3",
      "resolved": "https://registry.npmjs.org/@galacean/engine-toolkit-navigation-gizmo/-/engine-toolkit-navigation-gizmo-1.4.3.tgz",
      "integrity": "sha512-tvaBv0en5wU86M2qsvYLAz81lnt3D43vbhad8vgH3UKVo+XVc+gywI/VhyviKiF7bHb33Z/AOTC73Qn0+8tydw==",
      "license": "MIT",
      "dependencies": {
        "@galacean/engine-toolkit-controls": "1.4.3",
        "@galacean/engine-toolkit-custom-material": "1.4.3"
      },
      "peerDependencies": {
        "@galacean/engine": "^1.4.0"
      }
    },
    "node_modules/@galacean/engine-toolkit-outline": {
      "version": "1.4.3",
      "resolved": "https://registry.npmjs.org/@galacean/engine-toolkit-outline/-/engine-toolkit-outline-1.4.3.tgz",
      "integrity": "sha512-8S+dOIyLRY1H0js4WSSfUsOdYkJKY0s0bZZuOD7GWXrxA85NqvtP9aa8CdlW0hiYVAaw/cO8hu7fEIstr4+bZw==",
      "license": "MIT",
      "peerDependencies": {
        "@galacean/engine": "^1.4.0"
      }
    },
    "node_modules/@galacean/engine-toolkit-skeleton-viewer": {
      "version": "1.4.3",
      "resolved": "https://registry.npmjs.org/@galacean/engine-toolkit-skeleton-viewer/-/engine-toolkit-skeleton-viewer-1.4.3.tgz",
      "integrity": "sha512-AqosYLoFnguqcvelna5d8/iDezC02lS3/B0RJBwe3dllinHxmlX0xRWGvYE3pIUrZXOwb5tBIxYMDZ6ayqBjCw==",
      "license": "MIT",
      "peerDependencies": {
        "@galacean/engine": "^1.4.0"
      }
    },
    "node_modules/@galacean/engine-toolkit-stats": {
      "version": "1.4.3",
      "resolved": "https://registry.npmjs.org/@galacean/engine-toolkit-stats/-/engine-toolkit-stats-1.4.3.tgz",
      "integrity": "sha512-XAZcpoZ5vVDpoU+MjGldBZgYQH1XlE9mNQOS4Hnj48ZWe9PFL/2UmtddnN+RrqWJyYGcTiTjRP5tHKDKSUgIoA==",
      "license": "MIT",
      "peerDependencies": {
        "@galacean/engine": "^1.4.0"
      }
    },
    "node_modules/@galacean/engine-toolkit/node_modules/@galacean/engine": {
      "version": "1.4.0",
      "resolved": "https://registry.npmjs.org/@galacean/engine/-/engine-1.4.0.tgz",
      "integrity": "sha512-2G56lgruFhDEgFpHz5V0nAhw8lEvCTEofJX8v9J7r+OU1Hk3iNV2TeoxGdaa3bViwp8WX7tbOH7+D25N6C9nPQ==",
      "license": "MIT",
      "peer": true,
      "dependencies": {
        "@galacean/engine-core": "1.4.0",
        "@galacean/engine-loader": "1.4.0",
        "@galacean/engine-math": "1.4.0",
        "@galacean/engine-rhi-webgl": "1.4.0"
      }
    },
    "node_modules/@galacean/engine-toolkit/node_modules/@galacean/engine-core": {
      "version": "1.4.0",
      "resolved": "https://registry.npmjs.org/@galacean/engine-core/-/engine-core-1.4.0.tgz",
      "integrity": "sha512-vc2GI15bhkku9EMLwXnte86FAuux75YBN7Z90VwZMk3Q6pIcKvSiHtpcVM2sSDo9tzO4uoEHfIgzFpHEq2pHXA==",
      "license": "MIT",
      "peer": true,
      "dependencies": {
        "@galacean/engine-math": "1.4.0"
      }
    },
    "node_modules/@galacean/engine-toolkit/node_modules/@galacean/engine-loader": {
      "version": "1.4.0",
      "resolved": "https://registry.npmjs.org/@galacean/engine-loader/-/engine-loader-1.4.0.tgz",
      "integrity": "sha512-bryV3m4jHkYJLmLQfq3t5qP2pmuTwDOSEYfkiI3rXuZZ4niMMucsmlpXkx6TikQqsDSx8IAupB5f9KO712854g==",
      "license": "MIT",
      "peer": true,
      "dependencies": {
        "@galacean/engine-core": "1.4.0",
        "@galacean/engine-math": "1.4.0",
        "@galacean/engine-rhi-webgl": "1.4.0"
      }
    },
    "node_modules/@galacean/engine-toolkit/node_modules/@galacean/engine-math": {
      "version": "1.4.0",
      "resolved": "https://registry.npmjs.org/@galacean/engine-math/-/engine-math-1.4.0.tgz",
      "integrity": "sha512-ayo/qXZx/s6KK+88mrKZPyjxH8uAxy8M7/9mKR3bal1bVDpnex8YR/AqoR1h8bE/f3zDBeid50kiTUjApubAfw==",
      "license": "MIT",
      "peer": true
    },
    "node_modules/@galacean/engine-toolkit/node_modules/@galacean/engine-rhi-webgl": {
      "version": "1.4.0",
      "resolved": "https://registry.npmjs.org/@galacean/engine-rhi-webgl/-/engine-rhi-webgl-1.4.0.tgz",
      "integrity": "sha512-YpczZAYiIkXhiYKgBG81k86rIztJxmYrcuAGf7bALSjAKFttoN44BvfQJHGbExIA6ELHRVW0ZoRlF07+TVgAZw==",
      "license": "MIT",
      "peer": true,
      "dependencies": {
        "@galacean/engine-core": "1.4.0",
        "@galacean/engine-math": "1.4.0"
      }
    },
    "node_modules/@galacean/engine-toolkit/node_modules/@galacean/engine-toolkit-gizmo": {
      "version": "1.4.3",
      "resolved": "https://registry.npmjs.org/@galacean/engine-toolkit-gizmo/-/engine-toolkit-gizmo-1.4.3.tgz",
      "integrity": "sha512-SQZd+0yuVPbaJkbMbwI0SgnpgHS2BSYUkZdQV+zp2TPioChhJmNuiIeqM34BS1/36jDrAqK9F2UIWKbDxArqrw==",
      "license": "MIT",
      "dependencies": {
        "@galacean/engine-toolkit-custom-material": "1.4.3",
        "@galacean/engine-toolkit-framebuffer-picker": "1.4.3"
      },
      "peerDependencies": {
        "@galacean/engine": "^1.4.0",
        "@galacean/engine-ui": "1.4.0"
      }
    },
    "node_modules/@galacean/engine-toolkit/node_modules/@galacean/engine-ui": {
      "version": "1.4.0",
      "resolved": "https://registry.npmjs.org/@galacean/engine-ui/-/engine-ui-1.4.0.tgz",
      "integrity": "sha512-4kmh7HDOeOCv73iNKBfUCMi9jm/bOp8vM+lh99bqna/hlUN0c2l6RUaZgicbdR8mr+v1j00H8aA4NyH0qWioeA==",
      "license": "MIT",
      "peer": true,
      "peerDependencies": {
        "@galacean/engine": "1.4.0"
      }
    },
    "node_modules/typescript": {
      "version": "4.9.5",
      "resolved": "https://registry.npmjs.org/typescript/-/typescript-4.9.5.tgz",
      "integrity": "sha512-1FXk9E2Hm+QzZQ7z+McJiHL4NW1F2EzMu9Nq9i3zAaGqibafqYwCVU6WyWAuyQRRzOlxou8xZSyXLEN8oKj24g==",
      "dev": true,
      "license": "Apache-2.0",
      "bin": {
        "tsc": "bin/tsc",
        "tsserver": "bin/tsserver"
      },
      "engines": {
        "node": ">=4.2.0"
      }
    }
  }
}
